
Microsoft Visual Studio Solution File, Format Version 12.00
# Visual Studio Version 17
VisualStudioVersion = 17.8.34408.163
MinimumVisualStudioVersion = 10.0.40219.1
Project("{FAE04EC0-301F-11D3-BF4B-00C04F79EFBC}") = "PGEcommerce", "PGEcommerce\PGEcommerce.csproj", "{7D2B2EBA-E62E-44CB-95AE-FBB37D0D94F9}"
EndProject
Global
	GlobalSection(SolutionConfigurationPlatforms) = preSolution
		Debug|Any CPU = Debug|Any CPU
		Release|Any CPU = Release|Any CPU
	EndGlobalSection
	GlobalSection(ProjectConfigurationPlatforms) = postSolution
		{7D2B2EBA-E62E-44CB-95AE-FBB37D0D94F9}.Debug|Any CPU.ActiveCfg = Debug|Any CPU
		{7D2B2EBA-E62E-44CB-95AE-FBB37D0D94F9}.Debug|Any CPU.Build.0 = Debug|Any CPU
		{7D2B2EBA-E62E-44CB-95AE-FBB37D0D94F9}.Release|Any CPU.ActiveCfg = Release|Any CPU
		{7D2B2EBA-E62E-44CB-95AE-FBB37D0D94F9}.Release|Any CPU.Build.0 = Release|Any CPU
	EndGlobalSection
	GlobalSection(SolutionProperties) = preSolution
		HideSolutionNode = FALSE
	EndGlobalSection
	GlobalSection(ExtensibilityGlobals) = postSolution
		SolutionGuid = {FF44D0B7-3188-4185-BD00-7BA80203E131}
	EndGlobalSection
EndGlobal
